# @generated by Move, please check-in and do not edit manually.

[move]
version = 3
manifest_digest = "8115EB98DA74F0CDD628B1D70675EC54AFA3907A20415D3A7A0465B0922AB037"
deps_digest = "F8BBB0CCB2491CA29A3DF03D6F92277A4F3574266507ACD77214D37ECA3F3082"
dependencies = [
  { id = "Sui", name = "Sui" },
]

[[move.package]]
id = "MoveStdlib"
source = { git = "https://github.com/MystenLabs/sui.git", rev = "framework/testnet", subdir = "crates/sui-framework/packages/move-stdlib" }

[[move.package]]
id = "Sui"
source = { git = "https://github.com/MystenLabs/sui.git", rev = "framework/testnet", subdir = "crates/sui-framework/packages/sui-framework" }

dependencies = [
  { id = "MoveStdlib", name = "MoveStdlib" },
]

[move.toolchain-version]
compiler-version = "1.61.2"
edition = "2024.beta"
flavor = "sui"

[env]

[env.testnet]
chain-id = "4c78adac"
original-published-id = "0xae7b46a9c4976eb70779b397f7d3febac00f782c14ed04ae79d809e1f1507986"
latest-published-id = "0xae7b46a9c4976eb70779b397f7d3febac00f782c14ed04ae79d809e1f1507986"
published-version = "1"
